// !$*UTF8*$!
{
	archiveVersion = 1;
	classes = {
	};
	objectVersion = 50;
	objects = {

/* Begin PBXBuildFile section */
		B11C70F7271BB63200CA7015 /* SeventhDay.swift in Sources */ = {isa = PBXBuildFile; fileRef = B11C70F6271BB63200CA7015 /* SeventhDay.swift */; };
		B11C70F9271C4D3000CA7015 /* EighthDay.swift in Sources */ = {isa = PBXBuildFile; fileRef = B11C70F8271C4D3000CA7015 /* EighthDay.swift */; };
		B11C70FD271E2BD000CA7015 /* NinthDay.swift in Sources */ = {isa = PBXBuildFile; fileRef = B11C70FC271E2BD000CA7015 /* NinthDay.swift */; };
		B143DFE02711BD74000B1415 /* AppDelegate.swift in Sources */ = {isa = PBXBuildFile; fileRef = B143DFDF2711BD74000B1415 /* AppDelegate.swift */; };
		B143DFE22711BD74000B1415 /* SceneDelegate.swift in Sources */ = {isa = PBXBuildFile; fileRef = B143DFE12711BD74000B1415 /* SceneDelegate.swift */; };
		B143DFE42711BD74000B1415 /* ViewController.swift in Sources */ = {isa = PBXBuildFile; fileRef = B143DFE32711BD74000B1415 /* ViewController.swift */; };
		B143DFE72711BD74000B1415 /* Main.storyboard in Resources */ = {isa = PBXBuildFile; fileRef = B143DFE52711BD74000B1415 /* Main.storyboard */; };
		B143DFE92711BD7C000B1415 /* Assets.xcassets in Resources */ = {isa = PBXBuildFile; fileRef = B143DFE82711BD7C000B1415 /* Assets.xcassets */; };
		B143DFEC2711BD7C000B1415 /* LaunchScreen.storyboard in Resources */ = {isa = PBXBuildFile; fileRef = B143DFEA2711BD7C000B1415 /* LaunchScreen.storyboard */; };
		B143DFF52711BDCB000B1415 /* FirstDay.swift in Sources */ = {isa = PBXBuildFile; fileRef = B143DFF42711BDCB000B1415 /* FirstDay.swift */; };
		B143E06D27131BC1000B1415 /* SecondDay.swift in Sources */ = {isa = PBXBuildFile; fileRef = B143E06C27131BC1000B1415 /* SecondDay.swift */; };
		B184F99E271469B600B8706C /* ThirdDay.swift in Sources */ = {isa = PBXBuildFile; fileRef = B184F99D271469B600B8706C /* ThirdDay.swift */; };
		B184F9A227164A9900B8706C /* FourthDay.swift in Sources */ = {isa = PBXBuildFile; fileRef = B184F9A127164A9900B8706C /* FourthDay.swift */; };
		B184F9C42718548D00B8706C /* FifthDay.swift in Sources */ = {isa = PBXBuildFile; fileRef = B184F9C32718548D00B8706C /* FifthDay.swift */; };
		B184F9C627185E5200B8706C /* SixthDay.swift in Sources */ = {isa = PBXBuildFile; fileRef = B184F9C527185E5200B8706C /* SixthDay.swift */; };
/* End PBXBuildFile section */

/* Begin PBXFileReference section */
		B11C70F6271BB63200CA7015 /* SeventhDay.swift */ = {isa = PBXFileReference; lastKnownFileType = sourcecode.swift; path = SeventhDay.swift; sourceTree = "<group>"; };
		B11C70F8271C4D3000CA7015 /* EighthDay.swift */ = {isa = PBXFileReference; lastKnownFileType = sourcecode.swift; path = EighthDay.swift; sourceTree = "<group>"; };
		B11C70FC271E2BD000CA7015 /* NinthDay.swift */ = {isa = PBXFileReference; lastKnownFileType = sourcecode.swift; path = NinthDay.swift; sourceTree = "<group>"; };
		B143DFDC2711BD74000B1415 /* 100DaysOfSwift.app */ = {isa = PBXFileReference; explicitFileType = wrapper.application; includeInIndex = 0; path = 100DaysOfSwift.app; sourceTree = BUILT_PRODUCTS_DIR; };
		B143DFDF2711BD74000B1415 /* AppDelegate.swift */ = {isa = PBXFileReference; lastKnownFileType = sourcecode.swift; path = AppDelegate.swift; sourceTree = "<group>"; };
		B143DFE12711BD74000B1415 /* SceneDelegate.swift */ = {isa = PBXFileReference; lastKnownFileType = sourcecode.swift; path = SceneDelegate.swift; sourceTree = "<group>"; };
		B143DFE32711BD74000B1415 /* ViewController.swift */ = {isa = PBXFileReference; lastKnownFileType = sourcecode.swift; path = ViewController.swift; sourceTree = "<group>"; };
		B143DFE62711BD74000B1415 /* Base */ = {isa = PBXFileReference; lastKnownFileType = file.storyboard; name = Base; path = Base.lproj/Main.storyboard; sourceTree = "<group>"; };
		B143DFE82711BD7C000B1415 /* Assets.xcassets */ = {isa = PBXFileReference; lastKnownFileType = folder.assetcatalog; path = Assets.xcassets; sourceTree = "<group>"; };
		B143DFEB2711BD7C000B1415 /* Base */ = {isa = PBXFileReference; lastKnownFileType = file.storyboard; name = Base; path = Base.lproj/LaunchScreen.storyboard; sourceTree = "<group>"; };
		B143DFED2711BD7C000B1415 /* Info.plist */ = {isa = PBXFileReference; lastKnownFileType = text.plist.xml; path = Info.plist; sourceTree = "<group>"; };
		B143DFF42711BDCB000B1415 /* FirstDay.swift */ = {isa = PBXFileReference; lastKnownFileType = sourcecode.swift; path = FirstDay.swift; sourceTree = "<group>"; };
		B143E06C27131BC1000B1415 /* SecondDay.swift */ = {isa = PBXFileReference; lastKnownFileType = sourcecode.swift; path = SecondDay.swift; sourceTree = "<group>"; };
		B184F99D271469B600B8706C /* ThirdDay.swift */ = {isa = PBXFileReference; lastKnownFileType = sourcecode.swift; path = ThirdDay.swift; sourceTree = "<group>"; };
		B184F9A127164A9900B8706C /* FourthDay.swift */ = {isa = PBXFileReference; lastKnownFileType = sourcecode.swift; path = FourthDay.swift; sourceTree = "<group>"; };
		B184F9C32718548D00B8706C /* FifthDay.swift */ = {isa = PBXFileReference; lastKnownFileType = sourcecode.swift; path = FifthDay.swift; sourceTree = "<group>"; };
		B184F9C527185E5200B8706C /* SixthDay.swift */ = {isa = PBXFileReference; lastKnownFileType = sourcecode.swift; path = SixthDay.swift; sourceTree = "<group>"; };
/* End PBXFileReference section */

/* Begin PBXFrameworksBuildPhase section */
		B143DFD92711BD74000B1415 /* Frameworks */ = {
			isa = PBXFrameworksBuildPhase;
			buildActionMask = 2147483647;
			files = (
			);
			runOnlyForDeploymentPostprocessing = 0;
		};
/* End PBXFrameworksBuildPhase section */

/* Begin PBXGroup section */
		B143DFD32711BD74000B1415 = {
			isa = PBXGroup;
			children = (
				B143DFDE2711BD74000B1415 /* 100DaysOfSwift */,
				B143DFDD2711BD74000B1415 /* Products */,
			);
			sourceTree = "<group>";
		};
		B143DFDD2711BD74000B1415 /* Products */ = {
			isa = PBXGroup;
			children = (
				B143DFDC2711BD74000B1415 /* 100DaysOfSwift.app */,
			);
			name = Products;
			sourceTree = "<group>";
		};
		B143DFDE2711BD74000B1415 /* 100DaysOfSwift */ = {
			isa = PBXGroup;
			children = (
				B143DFF32711BD84000B1415 /* Introduction to Swift */,
				B143DFDF2711BD74000B1415 /* AppDelegate.swift */,
				B143DFE12711BD74000B1415 /* SceneDelegate.swift */,
				B143DFE32711BD74000B1415 /* ViewController.swift */,
				B143DFE52711BD74000B1415 /* Main.storyboard */,
				B143DFE82711BD7C000B1415 /* Assets.xcassets */,
				B143DFEA2711BD7C000B1415 /* LaunchScreen.storyboard */,
				B143DFED2711BD7C000B1415 /* Info.plist */,
			);
			path = 100DaysOfSwift;
			sourceTree = "<group>";
		};
		B143DFF32711BD84000B1415 /* Introduction to Swift */ = {
			isa = PBXGroup;
			children = (
				B143DFF42711BDCB000B1415 /* FirstDay.swift */,
				B143E06C27131BC1000B1415 /* SecondDay.swift */,
				B184F99D271469B600B8706C /* ThirdDay.swift */,
				B184F9A127164A9900B8706C /* FourthDay.swift */,
				B184F9C32718548D00B8706C /* FifthDay.swift */,
				B184F9C527185E5200B8706C /* SixthDay.swift */,
				B11C70F6271BB63200CA7015 /* SeventhDay.swift */,
				B11C70F8271C4D3000CA7015 /* EighthDay.swift */,
				B11C70FC271E2BD000CA7015 /* NinthDay.swift */,
			);
			path = "Introduction to Swift";
			sourceTree = "<group>";
		};
/* End PBXGroup section */

/* Begin PBXNativeTarget section */
		B143DFDB2711BD74000B1415 /* 100DaysOfSwift */ = {
			isa = PBXNativeTarget;
			buildConfigurationList = B143DFF02711BD7C000B1415 /* Build configuration list for PBXNativeTarget "100DaysOfSwift" */;
			buildPhases = (
				B143DFD82711BD74000B1415 /* Sources */,
				B143DFD92711BD74000B1415 /* Frameworks */,
				B143DFDA2711BD74000B1415 /* Resources */,
			);
			buildRules = (
			);
			dependencies = (
			);
			name = 100DaysOfSwift;
			productName = 100DaysOfSwift;
			productReference = B143DFDC2711BD74000B1415 /* 100DaysOfSwift.app */;
			productType = "com.apple.product-type.application";
		};
/* End PBXNativeTarget section */

/* Begin PBXProject section */
		B143DFD42711BD74000B1415 /* Project object */ = {
			isa = PBXProject;
			attributes = {
				LastSwiftUpdateCheck = 1250;
				LastUpgradeCheck = 1250;
				TargetAttributes = {
					B143DFDB2711BD74000B1415 = {
						CreatedOnToolsVersion = 12.5.1;
					};
				};
			};
			buildConfigurationList = B143DFD72711BD74000B1415 /* Build configuration list for PBXProject "100DaysOfSwift" */;
			compatibilityVersion = "Xcode 9.3";
			developmentRegion = en;
			hasScannedForEncodings = 0;
			knownRegions = (
				en,
				Base,
			);
			mainGroup = B143DFD32711BD74000B1415;
			productRefGroup = B143DFDD2711BD74000B1415 /* Products */;
			projectDirPath = "";
			projectRoot = "";
			targets = (
				B143DFDB2711BD74000B1415 /* 100DaysOfSwift */,
			);
		};
/* End PBXProject section */

/* Begin PBXResourcesBuildPhase section */
		B143DFDA2711BD74000B1415 /* Resources */ = {
			isa = PBXResourcesBuildPhase;
			buildActionMask = 2147483647;
			files = (
				B143DFEC2711BD7C000B1415 /* LaunchScreen.storyboard in Resources */,
				B143DFE92711BD7C000B1415 /* Assets.xcassets in Resources */,
				B143DFE72711BD74000B1415 /* Main.storyboard in Resources */,
			);
			runOnlyForDeploymentPostprocessing = 0;
		};
/* End PBXResourcesBuildPhase section */

/* Begin PBXSourcesBuildPhase section */
		B143DFD82711BD74000B1415 /* Sources */ = {
			isa = PBXSourcesBuildPhase;
			buildActionMask = 2147483647;
			files = (
				B11C70F7271BB63200CA7015 /* SeventhDay.swift in Sources */,
				B184F9C627185E5200B8706C /* SixthDay.swift in Sources */,
				B184F9C42718548D00B8706C /* FifthDay.swift in Sources */,
				B143DFE42711BD74000B1415 /* ViewController.swift in Sources */,
				B143DFE02711BD74000B1415 /* AppDelegate.swift in Sources */,
				B143DFE22711BD74000B1415 /* SceneDelegate.swift in Sources */,
				B11C70F9271C4D3000CA7015 /* EighthDay.swift in Sources */,
				B143E06D27131BC1000B1415 /* SecondDay.swift in Sources */,
				B11C70FD271E2BD000CA7015 /* NinthDay.swift in Sources */,
				B184F99E271469B600B8706C /* ThirdDay.swift in Sources */,
				B184F9A227164A9900B8706C /* FourthDay.swift in Sources */,
				B143DFF52711BDCB000B1415 /* FirstDay.swift in Sources */,
			);
			runOnlyForDeploymentPostprocessing = 0;
		};
/* End PBXSourcesBuildPhase section */

/* Begin PBXVariantGroup section */
		B143DFE52711BD74000B1415 /* Main.storyboard */ = {
			isa = PBXVariantGroup;
			children = (
				B143DFE62711BD74000B1415 /* Base */,
			);
			name = Main.storyboard;
			sourceTree = "<group>";
		};
		B143DFEA2711BD7C000B1415 /* LaunchScreen.storyboard */ = {
			isa = PBXVariantGroup;
			children = (
				B143DFEB2711BD7C000B1415 /* Base */,
			);
			name = LaunchScreen.storyboard;
			sourceTree = "<group>";
		};
/* End PBXVariantGroup section */

/* Begin XCBuildConfiguration section */
		B143DFEE2711BD7C000B1415 /* Debug */ = {
			isa = XCBuildConfiguration;
			buildSettings = {
				ALWAYS_SEARCH_USER_PATHS = NO;
				CLANG_ANALYZER_NONNULL = YES;
				CLANG_ANALYZER_NUMBER_OBJECT_CONVERSION = YES_AGGRESSIVE;
				CLANG_CXX_LANGUAGE_STANDARD = "gnu++14";
				CLANG_CXX_LIBRARY = "libc++";
				CLANG_ENABLE_MODULES = YES;
				CLANG_ENABLE_OBJC_ARC = YES;
				CLANG_ENABLE_OBJC_WEAK = YES;
				CLANG_WARN_BLOCK_CAPTURE_AUTORELEASING = YES;
				CLANG_WARN_BOOL_CONVERSION = YES;
				CLANG_WARN_COMMA = YES;
				CLANG_WARN_CONSTANT_CONVERSION = YES;
				CLANG_WARN_DEPRECATED_OBJC_IMPLEMENTATIONS = YES;
				CLANG_WARN_DIRECT_OBJC_ISA_USAGE = YES_ERROR;
				CLANG_WARN_DOCUMENTATION_COMMENTS = YES;
				CLANG_WARN_EMPTY_BODY = YES;
				CLANG_WARN_ENUM_CONVERSION = YES;
				CLANG_WARN_INFINITE_RECURSION = YES;
				CLANG_WARN_INT_CONVERSION = YES;
				CLANG_WARN_NON_LITERAL_NULL_CONVERSION = YES;
				CLANG_WARN_OBJC_IMPLICIT_RETAIN_SELF = YES;
				CLANG_WARN_OBJC_LITERAL_CONVERSION = YES;
				CLANG_WARN_OBJC_ROOT_CLASS = YES_ERROR;
				CLANG_WARN_QUOTED_INCLUDE_IN_FRAMEWORK_HEADER = YES;
				CLANG_WARN_RANGE_LOOP_ANALYSIS = YES;
				CLANG_WARN_STRICT_PROTOTYPES = YES;
				CLANG_WARN_SUSPICIOUS_MOVE = YES;
				CLANG_WARN_UNGUARDED_AVAILABILITY = YES_AGGRESSIVE;
				CLANG_WARN_UNREACHABLE_CODE = YES;
				CLANG_WARN__DUPLICATE_METHOD_MATCH = YES;
				COPY_PHASE_STRIP = NO;
				DEBUG_INFORMATION_FORMAT = dwarf;
				ENABLE_STRICT_OBJC_MSGSEND = YES;
				ENABLE_TESTABILITY = YES;
				GCC_C_LANGUAGE_STANDARD = gnu11;
				GCC_DYNAMIC_NO_PIC = NO;
				GCC_NO_COMMON_BLOCKS = YES;
				GCC_OPTIMIZATION_LEVEL = 0;
				GCC_PREPROCESSOR_DEFINITIONS = (
					"DEBUG=1",
					"$(inherited)",
				);
				GCC_WARN_64_TO_32_BIT_CONVERSION = YES;
				GCC_WARN_ABOUT_RETURN_TYPE = YES_ERROR;
				GCC_WARN_UNDECLARED_SELECTOR = YES;
				GCC_WARN_UNINITIALIZED_AUTOS = YES_AGGRESSIVE;
				GCC_WARN_UNUSED_FUNCTION = YES;
				GCC_WARN_UNUSED_VARIABLE = YES;
				IPHONEOS_DEPLOYMENT_TARGET = 14.5;
				MTL_ENABLE_DEBUG_INFO = INCLUDE_SOURCE;
				MTL_FAST_MATH = YES;
				ONLY_ACTIVE_ARCH = YES;
				SDKROOT = iphoneos;
				SWIFT_ACTIVE_COMPILATION_CONDITIONS = DEBUG;
				SWIFT_OPTIMIZATION_LEVEL = "-Onone";
			};
			name = Debug;
		};
		B143DFEF2711BD7C000B1415 /* Release */ = {
			isa = XCBuildConfiguration;
			buildSettings = {
				ALWAYS_SEARCH_USER_PATHS = NO;
				CLANG_ANALYZER_NONNULL = YES;
				CLANG_ANALYZER_NUMBER_OBJECT_CONVERSION = YES_AGGRESSIVE;
				CLANG_CXX_LANGUAGE_STANDARD = "gnu++14";
				CLANG_CXX_LIBRARY = "libc++";
				CLANG_ENABLE_MODULES = YES;
				CLANG_ENABLE_OBJC_ARC = YES;
				CLANG_ENABLE_OBJC_WEAK = YES;
				CLANG_WARN_BLOCK_CAPTURE_AUTORELEASING = YES;
				CLANG_WARN_BOOL_CONVERSION = YES;
				CLANG_WARN_COMMA = YES;
				CLANG_WARN_CONSTANT_CONVERSION = YES;
				CLANG_WARN_DEPRECATED_OBJC_IMPLEMENTATIONS = YES;
				CLANG_WARN_DIRECT_OBJC_ISA_USAGE = YES_ERROR;
				CLANG_WARN_DOCUMENTATION_COMMENTS = YES;
				CLANG_WARN_EMPTY_BODY = YES;
				CLANG_WARN_ENUM_CONVERSION = YES;
				CLANG_WARN_INFINITE_RECURSION = YES;
				CLANG_WARN_INT_CONVERSION = YES;
				CLANG_WARN_NON_LITERAL_NULL_CONVERSION = YES;
				CLANG_WARN_OBJC_IMPLICIT_RETAIN_SELF = YES;
				CLANG_WARN_OBJC_LITERAL_CONVERSION = YES;
				CLANG_WARN_OBJC_ROOT_CLASS = YES_ERROR;
				CLANG_WARN_QUOTED_INCLUDE_IN_FRAMEWORK_HEADER = YES;
				CLANG_WARN_RANGE_LOOP_ANALYSIS = YES;
				CLANG_WARN_STRICT_PROTOTYPES = YES;
				CLANG_WARN_SUSPICIOUS_MOVE = YES;
				CLANG_WARN_UNGUARDED_AVAILABILITY = YES_AGGRESSIVE;
				CLANG_WARN_UNREACHABLE_CODE = YES;
				CLANG_WARN__DUPLICATE_METHOD_MATCH = YES;
				COPY_PHASE_STRIP = NO;
				DEBUG_INFORMATION_FORMAT = "dwarf-with-dsym";
				ENABLE_NS_ASSERTIONS = NO;
				ENABLE_STRICT_OBJC_MSGSEND = YES;
				GCC_C_LANGUAGE_STANDARD = gnu11;
				GCC_NO_COMMON_BLOCKS = YES;
				GCC_WARN_64_TO_32_BIT_CONVERSION = YES;
				GCC_WARN_ABOUT_RETURN_TYPE = YES_ERROR;
				GCC_WARN_UNDECLARED_SELECTOR = YES;
				GCC_WARN_UNINITIALIZED_AUTOS = YES_AGGRESSIVE;
				GCC_WARN_UNUSED_FUNCTION = YES;
				GCC_WARN_UNUSED_VARIABLE = YES;
				IPHONEOS_DEPLOYMENT_TARGET = 14.5;
				MTL_ENABLE_DEBUG_INFO = NO;
				MTL_FAST_MATH = YES;
				SDKROOT = iphoneos;
				SWIFT_COMPILATION_MODE = wholemodule;
				SWIFT_OPTIMIZATION_LEVEL = "-O";
				VALIDATE_PRODUCT = YES;
			};
			name = Release;
		};
		B143DFF12711BD7C000B1415 /* Debug */ = {
			isa = XCBuildConfiguration;
			buildSettings = {
				ASSETCATALOG_COMPILER_APPICON_NAME = AppIcon;
				ASSETCATALOG_COMPILER_GLOBAL_ACCENT_COLOR_NAME = AccentColor;
				CODE_SIGN_STYLE = Automatic;
				DEVELOPMENT_TEAM = ZS4X5F5GDY;
				INFOPLIST_FILE = 100DaysOfSwift/Info.plist;
				LD_RUNPATH_SEARCH_PATHS = (
					"$(inherited)",
					"@executable_path/Frameworks",
				);
				PRODUCT_BUNDLE_IDENTIFIER = "ru.kirill.orlov.-00DaysOfSwift";
				PRODUCT_NAME = "$(TARGET_NAME)";
				SWIFT_VERSION = 5.0;
				TARGETED_DEVICE_FAMILY = "1,2";
			};
			name = Debug;
		};
		B143DFF22711BD7C000B1415 /* Release */ = {
			isa = XCBuildConfiguration;
			buildSettings = {
				ASSETCATALOG_COMPILER_APPICON_NAME = AppIcon;
				ASSETCATALOG_COMPILER_GLOBAL_ACCENT_COLOR_NAME = AccentColor;
				CODE_SIGN_STYLE = Automatic;
				DEVELOPMENT_TEAM = ZS4X5F5GDY;
				INFOPLIST_FILE = 100DaysOfSwift/Info.plist;
				LD_RUNPATH_SEARCH_PATHS = (
					"$(inherited)",
					"@executable_path/Frameworks",
				);
				PRODUCT_BUNDLE_IDENTIFIER = "ru.kirill.orlov.-00DaysOfSwift";
				PRODUCT_NAME = "$(TARGET_NAME)";
				SWIFT_VERSION = 5.0;
				TARGETED_DEVICE_FAMILY = "1,2";
			};
			name = Release;
		};
/* End XCBuildConfiguration section */

/* Begin XCConfigurationList section */
		B143DFD72711BD74000B1415 /* Build configuration list for PBXProject "100DaysOfSwift" */ = {
			isa = XCConfigurationList;
			buildConfigurations = (
				B143DFEE2711BD7C000B1415 /* Debug */,
				B143DFEF2711BD7C000B1415 /* Release */,
			);
			defaultConfigurationIsVisible = 0;
			defaultConfigurationName = Release;
		};
		B143DFF02711BD7C000B1415 /* Build configuration list for PBXNativeTarget "100DaysOfSwift" */ = {
			isa = XCConfigurationList;
			buildConfigurations = (
				B143DFF12711BD7C000B1415 /* Debug */,
				B143DFF22711BD7C000B1415 /* Release */,
			);
			defaultConfigurationIsVisible = 0;
			defaultConfigurationName = Release;
		};
/* End XCConfigurationList section */
	};
	rootObject = B143DFD42711BD74000B1415 /* Project object */;
}
